# This file was autogenerated by Stack.
# You should not edit this file by hand.
# For more information, please see the documentation at:
#   https://docs.haskellstack.org/en/stable/lock_files

packages:
- completed:
    hackage: servant-lucid-0.9.0.4@sha256:698db96903a145fdef40cc897f8790728642af917c37b941a98b2da872b65f08,1787
    pantry-tree:
      size: 392
      sha256: 39e0e7b2b25980bfe4df036e89959188f9ef9e8c78c85e241fa9a682d1d78cf3
  original:
    hackage: servant-lucid-0.9.0.4@sha256:698db96903a145fdef40cc897f8790728642af917c37b941a98b2da872b65f08,1787
snapshots:
- completed:
    size: 586110
    url: https://raw.githubusercontent.com/commercialhaskell/stackage-snapshots/master/lts/18/21.yaml
    sha256: ce4fb8d44f3c6c6032060a02e0ebb1bd29937c9a70101c1517b92a87d9515160
  original: lts-18.21
