# This file was autogenerated by Stack.
# You should not edit this file by hand.
# For more information, please see the documentation at:
#   https://docs.haskellstack.org/en/stable/lock_files

packages:
- completed:
    hackage: servant-lucid-0.9.0.2@sha256:693278d574dba7313e931200118424762c02682bbc654e8866be4e6d1c73d816,1803
    pantry-tree:
      size: 392
      sha256: c5635bc53887b81087c3430341790d45cd4063340a0baa62bedd2e77ed4aa84d
  original:
    hackage: servant-lucid-0.9.0.2@sha256:693278d574dba7313e931200118424762c02682bbc654e8866be4e6d1c73d816,1803
snapshots:
- completed:
    size: 585392
    url: https://raw.githubusercontent.com/commercialhaskell/stackage-snapshots/master/lts/18/2.yaml
    sha256: 7abb45c0cc5eb349448b66d8753655542d45d387ad26970419282eab3d860724
  original: lts-18.2
